
Microsoft Visual Studio Solution File, Format Version 12.00
# Visual Studio 15
VisualStudioVersion = 15.0.27703.2018
MinimumVisualStudioVersion = 10.0.40219.1
Project("{E24C65DC-7377-472B-9ABA-BC803B73C61A}") = "lab5", "lab5\", "{A0DF0249-2C1A-4E8B-8B0F-3CA911E869CF}"
	ProjectSection(WebsiteProperties) = preProject
		TargetFrameworkMoniker = ".NETFramework,Version%3Dv4.6.1"
		Debug.AspNetCompiler.VirtualPath = "/localhost_57955"
		Debug.AspNetCompiler.PhysicalPath = "lab5\"
		Debug.AspNetCompiler.TargetPath = "PrecompiledWeb\localhost_57955\"
		Debug.AspNetCompiler.Updateable = "true"
		Debug.AspNetCompiler.ForceOverwrite = "true"
		Debug.AspNetCompiler.FixedNames = "false"
		Debug.AspNetCompiler.Debug = "True"
		Release.AspNetCompiler.VirtualPath = "/localhost_57955"
		Release.AspNetCompiler.PhysicalPath = "lab5\"
		Release.AspNetCompiler.TargetPath = "PrecompiledWeb\localhost_57955\"
		Release.AspNetCompiler.Updateable = "true"
		Release.AspNetCompiler.ForceOverwrite = "true"
		Release.AspNetCompiler.FixedNames = "false"
		Release.AspNetCompiler.Debug = "False"
		VWDPort = "57955"
		SlnRelativePath = "lab5\"
		DefaultWebSiteLanguage = "Visual C#"
	EndProjectSection
EndProject
Global
	GlobalSection(SolutionConfigurationPlatforms) = preSolution
		Debug|Any CPU = Debug|Any CPU
	EndGlobalSection
	GlobalSection(ProjectConfigurationPlatforms) = postSolution
		{A0DF0249-2C1A-4E8B-8B0F-3CA911E869CF}.Debug|Any CPU.ActiveCfg = Debug|Any CPU
		{A0DF0249-2C1A-4E8B-8B0F-3CA911E869CF}.Debug|Any CPU.Build.0 = Debug|Any CPU
	EndGlobalSection
	GlobalSection(SolutionProperties) = preSolution
		HideSolutionNode = FALSE
	EndGlobalSection
	GlobalSection(ExtensibilityGlobals) = postSolution
		SolutionGuid = {FBF4A993-68A4-40B8-9350-EB1F32EFF574}
	EndGlobalSection
EndGlobal
