
Microsoft Visual Studio Solution File, Format Version 12.00
# Visual Studio 15
VisualStudioVersion = 15.0.27703.2042
MinimumVisualStudioVersion = 10.0.40219.1
Project("{E24C65DC-7377-472B-9ABA-BC803B73C61A}") = "lab7", "lab7\", "{D8A6CE4C-8CE1-42A4-AB74-747E7F9A232D}"
	ProjectSection(WebsiteProperties) = preProject
		TargetFrameworkMoniker = ".NETFramework,Version%3Dv4.5"
		Debug.AspNetCompiler.VirtualPath = "/localhost_60390"
		Debug.AspNetCompiler.PhysicalPath = "lab7\"
		Debug.AspNetCompiler.TargetPath = "PrecompiledWeb\localhost_60390\"
		Debug.AspNetCompiler.Updateable = "true"
		Debug.AspNetCompiler.ForceOverwrite = "true"
		Debug.AspNetCompiler.FixedNames = "false"
		Debug.AspNetCompiler.Debug = "True"
		Release.AspNetCompiler.VirtualPath = "/localhost_60390"
		Release.AspNetCompiler.PhysicalPath = "lab7\"
		Release.AspNetCompiler.TargetPath = "PrecompiledWeb\localhost_60390\"
		Release.AspNetCompiler.Updateable = "true"
		Release.AspNetCompiler.ForceOverwrite = "true"
		Release.AspNetCompiler.FixedNames = "false"
		Release.AspNetCompiler.Debug = "False"
		VWDPort = "60390"
		SlnRelativePath = "lab7\"
		DefaultWebSiteLanguage = "Visual C#"
	EndProjectSection
EndProject
Global
	GlobalSection(SolutionConfigurationPlatforms) = preSolution
		Debug|Any CPU = Debug|Any CPU
	EndGlobalSection
	GlobalSection(ProjectConfigurationPlatforms) = postSolution
		{D8A6CE4C-8CE1-42A4-AB74-747E7F9A232D}.Debug|Any CPU.ActiveCfg = Debug|Any CPU
		{D8A6CE4C-8CE1-42A4-AB74-747E7F9A232D}.Debug|Any CPU.Build.0 = Debug|Any CPU
	EndGlobalSection
	GlobalSection(SolutionProperties) = preSolution
		HideSolutionNode = FALSE
	EndGlobalSection
	GlobalSection(ExtensibilityGlobals) = postSolution
		SolutionGuid = {A781A62E-72E1-4840-A09D-467F6FAB304A}
	EndGlobalSection
EndGlobal
